// !$*UTF8*$!
{
	archiveVersion = 1;
	classes = {
	};
	objectVersion = 56;
	objects = {

/* Begin PBXBuildFile section */
		D60D84C9294EDCB100352677 /* AppDelegate.swift in Sources */ = {isa = PBXBuildFile; fileRef = D60D84C8294EDCB100352677 /* AppDelegate.swift */; };
		D60D84CB294EDCB100352677 /* SceneDelegate.swift in Sources */ = {isa = PBXBuildFile; fileRef = D60D84CA294EDCB100352677 /* SceneDelegate.swift */; };
		D60D84CD294EDCB100352677 /* ViewController.swift in Sources */ = {isa = PBXBuildFile; fileRef = D60D84CC294EDCB100352677 /* ViewController.swift */; };
		D60D84D0294EDCB100352677 /* Main.storyboard in Resources */ = {isa = PBXBuildFile; fileRef = D60D84CE294EDCB100352677 /* Main.storyboard */; };
		D60D84D3294EDCB100352677 /* SharePlanner.xcdatamodeld in Sources */ = {isa = PBXBuildFile; fileRef = D60D84D1294EDCB100352677 /* SharePlanner.xcdatamodeld */; };
		D60D84D5294EDCB200352677 /* Assets.xcassets in Resources */ = {isa = PBXBuildFile; fileRef = D60D84D4294EDCB200352677 /* Assets.xcassets */; };
		D60D84D8294EDCB200352677 /* LaunchScreen.storyboard in Resources */ = {isa = PBXBuildFile; fileRef = D60D84D6294EDCB200352677 /* LaunchScreen.storyboard */; };
		D60D84E3294EDCB300352677 /* SharePlannerTests.swift in Sources */ = {isa = PBXBuildFile; fileRef = D60D84E2294EDCB300352677 /* SharePlannerTests.swift */; };
		D60D84ED294EDCB300352677 /* SharePlannerUITests.swift in Sources */ = {isa = PBXBuildFile; fileRef = D60D84EC294EDCB300352677 /* SharePlannerUITests.swift */; };
		D60D84EF294EDCB300352677 /* SharePlannerUITestsLaunchTests.swift in Sources */ = {isa = PBXBuildFile; fileRef = D60D84EE294EDCB300352677 /* SharePlannerUITestsLaunchTests.swift */; };
/* End PBXBuildFile section */

/* Begin PBXContainerItemProxy section */
		D60D84DF294EDCB300352677 /* PBXContainerItemProxy */ = {
			isa = PBXContainerItemProxy;
			containerPortal = D60D84BD294EDCB100352677 /* Project object */;
			proxyType = 1;
			remoteGlobalIDString = D60D84C4294EDCB100352677;
			remoteInfo = SharePlanner;
		};
		D60D84E9294EDCB300352677 /* PBXContainerItemProxy */ = {
			isa = PBXContainerItemProxy;
			containerPortal = D60D84BD294EDCB100352677 /* Project object */;
			proxyType = 1;
			remoteGlobalIDString = D60D84C4294EDCB100352677;
			remoteInfo = SharePlanner;
		};
/* End PBXContainerItemProxy section */

/* Begin PBXFileReference section */
		D60D84C5294EDCB100352677 /* SharePlanner.app */ = {isa = PBXFileReference; explicitFileType = wrapper.application; includeInIndex = 0; path = SharePlanner.app; sourceTree = BUILT_PRODUCTS_DIR; };
		D60D84C8294EDCB100352677 /* AppDelegate.swift */ = {isa = PBXFileReference; lastKnownFileType = sourcecode.swift; path = AppDelegate.swift; sourceTree = "<group>"; };
		D60D84CA294EDCB100352677 /* SceneDelegate.swift */ = {isa = PBXFileReference; lastKnownFileType = sourcecode.swift; path = SceneDelegate.swift; sourceTree = "<group>"; };
		D60D84CC294EDCB100352677 /* ViewController.swift */ = {isa = PBXFileReference; lastKnownFileType = sourcecode.swift; path = ViewController.swift; sourceTree = "<group>"; };
		D60D84CF294EDCB100352677 /* Base */ = {isa = PBXFileReference; lastKnownFileType = file.storyboard; name = Base; path = Base.lproj/Main.storyboard; sourceTree = "<group>"; };
		D60D84D2294EDCB100352677 /* SharePlanner.xcdatamodel */ = {isa = PBXFileReference; lastKnownFileType = wrapper.xcdatamodel; path = SharePlanner.xcdatamodel; sourceTree = "<group>"; };
		D60D84D4294EDCB200352677 /* Assets.xcassets */ = {isa = PBXFileReference; lastKnownFileType = folder.assetcatalog; path = Assets.xcassets; sourceTree = "<group>"; };
		D60D84D7294EDCB200352677 /* Base */ = {isa = PBXFileReference; lastKnownFileType = file.storyboard; name = Base; path = Base.lproj/LaunchScreen.storyboard; sourceTree = "<group>"; };
		D60D84D9294EDCB200352677 /* Info.plist */ = {isa = PBXFileReference; lastKnownFileType = text.plist.xml; path = Info.plist; sourceTree = "<group>"; };
		D60D84DE294EDCB300352677 /* SharePlannerTests.xctest */ = {isa = PBXFileReference; explicitFileType = wrapper.cfbundle; includeInIndex = 0; path = SharePlannerTests.xctest; sourceTree = BUILT_PRODUCTS_DIR; };
		D60D84E2294EDCB300352677 /* SharePlannerTests.swift */ = {isa = PBXFileReference; lastKnownFileType = sourcecode.swift; path = SharePlannerTests.swift; sourceTree = "<group>"; };
		D60D84E8294EDCB300352677 /* SharePlannerUITests.xctest */ = {isa = PBXFileReference; explicitFileType = wrapper.cfbundle; includeInIndex = 0; path = SharePlannerUITests.xctest; sourceTree = BUILT_PRODUCTS_DIR; };
		D60D84EC294EDCB300352677 /* SharePlannerUITests.swift */ = {isa = PBXFileReference; lastKnownFileType = sourcecode.swift; path = SharePlannerUITests.swift; sourceTree = "<group>"; };
		D60D84EE294EDCB300352677 /* SharePlannerUITestsLaunchTests.swift */ = {isa = PBXFileReference; lastKnownFileType = sourcecode.swift; path = SharePlannerUITestsLaunchTests.swift; sourceTree = "<group>"; };
/* End PBXFileReference section */

/* Begin PBXFrameworksBuildPhase section */
		D60D84C2294EDCB100352677 /* Frameworks */ = {
			isa = PBXFrameworksBuildPhase;
			buildActionMask = 2147483647;
			files = (
			);
			runOnlyForDeploymentPostprocessing = 0;
		};
		D60D84DB294EDCB300352677 /* Frameworks */ = {
			isa = PBXFrameworksBuildPhase;
			buildActionMask = 2147483647;
			files = (
			);
			runOnlyForDeploymentPostprocessing = 0;
		};
		D60D84E5294EDCB300352677 /* Frameworks */ = {
			isa = PBXFrameworksBuildPhase;
			buildActionMask = 2147483647;
			files = (
			);
			runOnlyForDeploymentPostprocessing = 0;
		};
/* End PBXFrameworksBuildPhase section */

/* Begin PBXGroup section */
		D60D84BC294EDCB100352677 = {
			isa = PBXGroup;
			children = (
				D60D84C7294EDCB100352677 /* SharePlanner */,
				D60D84E1294EDCB300352677 /* SharePlannerTests */,
				D60D84EB294EDCB300352677 /* SharePlannerUITests */,
				D60D84C6294EDCB100352677 /* Products */,
			);
			sourceTree = "<group>";
		};
		D60D84C6294EDCB100352677 /* Products */ = {
			isa = PBXGroup;
			children = (
				D60D84C5294EDCB100352677 /* SharePlanner.app */,
				D60D84DE294EDCB300352677 /* SharePlannerTests.xctest */,
				D60D84E8294EDCB300352677 /* SharePlannerUITests.xctest */,
			);
			name = Products;
			sourceTree = "<group>";
		};
		D60D84C7294EDCB100352677 /* SharePlanner */ = {
			isa = PBXGroup;
			children = (
				D60D84C8294EDCB100352677 /* AppDelegate.swift */,
				D60D84CA294EDCB100352677 /* SceneDelegate.swift */,
				D60D84CC294EDCB100352677 /* ViewController.swift */,
				D60D84CE294EDCB100352677 /* Main.storyboard */,
				D60D84D4294EDCB200352677 /* Assets.xcassets */,
				D60D84D6294EDCB200352677 /* LaunchScreen.storyboard */,
				D60D84D9294EDCB200352677 /* Info.plist */,
				D60D84D1294EDCB100352677 /* SharePlanner.xcdatamodeld */,
			);
			path = SharePlanner;
			sourceTree = "<group>";
		};
		D60D84E1294EDCB300352677 /* SharePlannerTests */ = {
			isa = PBXGroup;
			children = (
				D60D84E2294EDCB300352677 /* SharePlannerTests.swift */,
			);
			path = SharePlannerTests;
			sourceTree = "<group>";
		};
		D60D84EB294EDCB300352677 /* SharePlannerUITests */ = {
			isa = PBXGroup;
			children = (
				D60D84EC294EDCB300352677 /* SharePlannerUITests.swift */,
				D60D84EE294EDCB300352677 /* SharePlannerUITestsLaunchTests.swift */,
			);
			path = SharePlannerUITests;
			sourceTree = "<group>";
		};
/* End PBXGroup section */

/* Begin PBXNativeTarget section */
		D60D84C4294EDCB100352677 /* SharePlanner */ = {
			isa = PBXNativeTarget;
			buildConfigurationList = D60D84F2294EDCB300352677 /* Build configuration list for PBXNativeTarget "SharePlanner" */;
			buildPhases = (
				D60D84C1294EDCB100352677 /* Sources */,
				D60D84C2294EDCB100352677 /* Frameworks */,
				D60D84C3294EDCB100352677 /* Resources */,
			);
			buildRules = (
			);
			dependencies = (
			);
			name = SharePlanner;
			productName = SharePlanner;
			productReference = D60D84C5294EDCB100352677 /* SharePlanner.app */;
			productType = "com.apple.product-type.application";
		};
		D60D84DD294EDCB300352677 /* SharePlannerTests */ = {
			isa = PBXNativeTarget;
			buildConfigurationList = D60D84F5294EDCB300352677 /* Build configuration list for PBXNativeTarget "SharePlannerTests" */;
			buildPhases = (
				D60D84DA294EDCB300352677 /* Sources */,
				D60D84DB294EDCB300352677 /* Frameworks */,
				D60D84DC294EDCB300352677 /* Resources */,
			);
			buildRules = (
			);
			dependencies = (
				D60D84E0294EDCB300352677 /* PBXTargetDependency */,
			);
			name = SharePlannerTests;
			productName = SharePlannerTests;
			productReference = D60D84DE294EDCB300352677 /* SharePlannerTests.xctest */;
			productType = "com.apple.product-type.bundle.unit-test";
		};
		D60D84E7294EDCB300352677 /* SharePlannerUITests */ = {
			isa = PBXNativeTarget;
			buildConfigurationList = D60D84F8294EDCB300352677 /* Build configuration list for PBXNativeTarget "SharePlannerUITests" */;
			buildPhases = (
				D60D84E4294EDCB300352677 /* Sources */,
				D60D84E5294EDCB300352677 /* Frameworks */,
				D60D84E6294EDCB300352677 /* Resources */,
			);
			buildRules = (
			);
			dependencies = (
				D60D84EA294EDCB300352677 /* PBXTargetDependency */,
			);
			name = SharePlannerUITests;
			productName = SharePlannerUITests;
			productReference = D60D84E8294EDCB300352677 /* SharePlannerUITests.xctest */;
			productType = "com.apple.product-type.bundle.ui-testing";
		};
/* End PBXNativeTarget section */

/* Begin PBXProject section */
		D60D84BD294EDCB100352677 /* Project object */ = {
			isa = PBXProject;
			attributes = {
				BuildIndependentTargetsInParallel = 1;
				LastSwiftUpdateCheck = 1400;
				LastUpgradeCheck = 1400;
				TargetAttributes = {
					D60D84C4294EDCB100352677 = {
						CreatedOnToolsVersion = 14.0;
					};
					D60D84DD294EDCB300352677 = {
						CreatedOnToolsVersion = 14.0;
						TestTargetID = D60D84C4294EDCB100352677;
					};
					D60D84E7294EDCB300352677 = {
						CreatedOnToolsVersion = 14.0;
						TestTargetID = D60D84C4294EDCB100352677;
					};
				};
			};
			buildConfigurationList = D60D84C0294EDCB100352677 /* Build configuration list for PBXProject "SharePlanner" */;
			compatibilityVersion = "Xcode 14.0";
			developmentRegion = en;
			hasScannedForEncodings = 0;
			knownRegions = (
				en,
				Base,
			);
			mainGroup = D60D84BC294EDCB100352677;
			productRefGroup = D60D84C6294EDCB100352677 /* Products */;
			projectDirPath = "";
			projectRoot = "";
			targets = (
				D60D84C4294EDCB100352677 /* SharePlanner */,
				D60D84DD294EDCB300352677 /* SharePlannerTests */,
				D60D84E7294EDCB300352677 /* SharePlannerUITests */,
			);
		};
/* End PBXProject section */

/* Begin PBXResourcesBuildPhase section */
		D60D84C3294EDCB100352677 /* Resources */ = {
			isa = PBXResourcesBuildPhase;
			buildActionMask = 2147483647;
			files = (
				D60D84D8294EDCB200352677 /* LaunchScreen.storyboard in Resources */,
				D60D84D5294EDCB200352677 /* Assets.xcassets in Resources */,
				D60D84D0294EDCB100352677 /* Main.storyboard in Resources */,
			);
			runOnlyForDeploymentPostprocessing = 0;
		};
		D60D84DC294EDCB300352677 /* Resources */ = {
			isa = PBXResourcesBuildPhase;
			buildActionMask = 2147483647;
			files = (
			);
			runOnlyForDeploymentPostprocessing = 0;
		};
		D60D84E6294EDCB300352677 /* Resources */ = {
			isa = PBXResourcesBuildPhase;
			buildActionMask = 2147483647;
			files = (
			);
			runOnlyForDeploymentPostprocessing = 0;
		};
/* End PBXResourcesBuildPhase section */

/* Begin PBXSourcesBuildPhase section */
		D60D84C1294EDCB100352677 /* Sources */ = {
			isa = PBXSourcesBuildPhase;
			buildActionMask = 2147483647;
			files = (
				D60D84D3294EDCB100352677 /* SharePlanner.xcdatamodeld in Sources */,
				D60D84CD294EDCB100352677 /* ViewController.swift in Sources */,
				D60D84C9294EDCB100352677 /* AppDelegate.swift in Sources */,
				D60D84CB294EDCB100352677 /* SceneDelegate.swift in Sources */,
			);
			runOnlyForDeploymentPostprocessing = 0;
		};
		D60D84DA294EDCB300352677 /* Sources */ = {
			isa = PBXSourcesBuildPhase;
			buildActionMask = 2147483647;
			files = (
				D60D84E3294EDCB300352677 /* SharePlannerTests.swift in Sources */,
			);
			runOnlyForDeploymentPostprocessing = 0;
		};
		D60D84E4294EDCB300352677 /* Sources */ = {
			isa = PBXSourcesBuildPhase;
			buildActionMask = 2147483647;
			files = (
				D60D84ED294EDCB300352677 /* SharePlannerUITests.swift in Sources */,
				D60D84EF294EDCB300352677 /* SharePlannerUITestsLaunchTests.swift in Sources */,
			);
			runOnlyForDeploymentPostprocessing = 0;
		};
/* End PBXSourcesBuildPhase section */

/* Begin PBXTargetDependency section */
		D60D84E0294EDCB300352677 /* PBXTargetDependency */ = {
			isa = PBXTargetDependency;
			target = D60D84C4294EDCB100352677 /* SharePlanner */;
			targetProxy = D60D84DF294EDCB300352677 /* PBXContainerItemProxy */;
		};
		D60D84EA294EDCB300352677 /* PBXTargetDependency */ = {
			isa = PBXTargetDependency;
			target = D60D84C4294EDCB100352677 /* SharePlanner */;
			targetProxy = D60D84E9294EDCB300352677 /* PBXContainerItemProxy */;
		};
/* End PBXTargetDependency section */

/* Begin PBXVariantGroup section */
		D60D84CE294EDCB100352677 /* Main.storyboard */ = {
			isa = PBXVariantGroup;
			children = (
				D60D84CF294EDCB100352677 /* Base */,
			);
			name = Main.storyboard;
			sourceTree = "<group>";
		};
		D60D84D6294EDCB200352677 /* LaunchScreen.storyboard */ = {
			isa = PBXVariantGroup;
			children = (
				D60D84D7294EDCB200352677 /* Base */,
			);
			name = LaunchScreen.storyboard;
			sourceTree = "<group>";
		};
/* End PBXVariantGroup section */

/* Begin XCBuildConfiguration section */
		D60D84F0294EDCB300352677 /* Debug */ = {
			isa = XCBuildConfiguration;
			buildSettings = {
				ALWAYS_SEARCH_USER_PATHS = NO;
				CLANG_ANALYZER_NONNULL = YES;
				CLANG_ANALYZER_NUMBER_OBJECT_CONVERSION = YES_AGGRESSIVE;
				CLANG_CXX_LANGUAGE_STANDARD = "gnu++20";
				CLANG_ENABLE_MODULES = YES;
				CLANG_ENABLE_OBJC_ARC = YES;
				CLANG_ENABLE_OBJC_WEAK = YES;
				CLANG_WARN_BLOCK_CAPTURE_AUTORELEASING = YES;
				CLANG_WARN_BOOL_CONVERSION = YES;
				CLANG_WARN_COMMA = YES;
				CLANG_WARN_CONSTANT_CONVERSION = YES;
				CLANG_WARN_DEPRECATED_OBJC_IMPLEMENTATIONS = YES;
				CLANG_WARN_DIRECT_OBJC_ISA_USAGE = YES_ERROR;
				CLANG_WARN_DOCUMENTATION_COMMENTS = YES;
				CLANG_WARN_EMPTY_BODY = YES;
				CLANG_WARN_ENUM_CONVERSION = YES;
				CLANG_WARN_INFINITE_RECURSION = YES;
				CLANG_WARN_INT_CONVERSION = YES;
				CLANG_WARN_NON_LITERAL_NULL_CONVERSION = YES;
				CLANG_WARN_OBJC_IMPLICIT_RETAIN_SELF = YES;
				CLANG_WARN_OBJC_LITERAL_CONVERSION = YES;
				CLANG_WARN_OBJC_ROOT_CLASS = YES_ERROR;
				CLANG_WARN_QUOTED_INCLUDE_IN_FRAMEWORK_HEADER = YES;
				CLANG_WARN_RANGE_LOOP_ANALYSIS = YES;
				CLANG_WARN_STRICT_PROTOTYPES = YES;
				CLANG_WARN_SUSPICIOUS_MOVE = YES;
				CLANG_WARN_UNGUARDED_AVAILABILITY = YES_AGGRESSIVE;
				CLANG_WARN_UNREACHABLE_CODE = YES;
				CLANG_WARN__DUPLICATE_METHOD_MATCH = YES;
				COPY_PHASE_STRIP = NO;
				DEBUG_INFORMATION_FORMAT = dwarf;
				ENABLE_STRICT_OBJC_MSGSEND = YES;
				ENABLE_TESTABILITY = YES;
				GCC_C_LANGUAGE_STANDARD = gnu11;
				GCC_DYNAMIC_NO_PIC = NO;
				GCC_NO_COMMON_BLOCKS = YES;
				GCC_OPTIMIZATION_LEVEL = 0;
				GCC_PREPROCESSOR_DEFINITIONS = (
					"DEBUG=1",
					"$(inherited)",
				);
				GCC_WARN_64_TO_32_BIT_CONVERSION = YES;
				GCC_WARN_ABOUT_RETURN_TYPE = YES_ERROR;
				GCC_WARN_UNDECLARED_SELECTOR = YES;
				GCC_WARN_UNINITIALIZED_AUTOS = YES_AGGRESSIVE;
				GCC_WARN_UNUSED_FUNCTION = YES;
				GCC_WARN_UNUSED_VARIABLE = YES;
				IPHONEOS_DEPLOYMENT_TARGET = 16.0;
				MTL_ENABLE_DEBUG_INFO = INCLUDE_SOURCE;
				MTL_FAST_MATH = YES;
				ONLY_ACTIVE_ARCH = YES;
				SDKROOT = iphoneos;
				SWIFT_ACTIVE_COMPILATION_CONDITIONS = DEBUG;
				SWIFT_OPTIMIZATION_LEVEL = "-Onone";
			};
			name = Debug;
		};
		D60D84F1294EDCB300352677 /* Release */ = {
			isa = XCBuildConfiguration;
			buildSettings = {
				ALWAYS_SEARCH_USER_PATHS = NO;
				CLANG_ANALYZER_NONNULL = YES;
				CLANG_ANALYZER_NUMBER_OBJECT_CONVERSION = YES_AGGRESSIVE;
				CLANG_CXX_LANGUAGE_STANDARD = "gnu++20";
				CLANG_ENABLE_MODULES = YES;
				CLANG_ENABLE_OBJC_ARC = YES;
				CLANG_ENABLE_OBJC_WEAK = YES;
				CLANG_WARN_BLOCK_CAPTURE_AUTORELEASING = YES;
				CLANG_WARN_BOOL_CONVERSION = YES;
				CLANG_WARN_COMMA = YES;
				CLANG_WARN_CONSTANT_CONVERSION = YES;
				CLANG_WARN_DEPRECATED_OBJC_IMPLEMENTATIONS = YES;
				CLANG_WARN_DIRECT_OBJC_ISA_USAGE = YES_ERROR;
				CLANG_WARN_DOCUMENTATION_COMMENTS = YES;
				CLANG_WARN_EMPTY_BODY = YES;
				CLANG_WARN_ENUM_CONVERSION = YES;
				CLANG_WARN_INFINITE_RECURSION = YES;
				CLANG_WARN_INT_CONVERSION = YES;
				CLANG_WARN_NON_LITERAL_NULL_CONVERSION = YES;
				CLANG_WARN_OBJC_IMPLICIT_RETAIN_SELF = YES;
				CLANG_WARN_OBJC_LITERAL_CONVERSION = YES;
				CLANG_WARN_OBJC_ROOT_CLASS = YES_ERROR;
				CLANG_WARN_QUOTED_INCLUDE_IN_FRAMEWORK_HEADER = YES;
				CLANG_WARN_RANGE_LOOP_ANALYSIS = YES;
				CLANG_WARN_STRICT_PROTOTYPES = YES;
				CLANG_WARN_SUSPICIOUS_MOVE = YES;
				CLANG_WARN_UNGUARDED_AVAILABILITY = YES_AGGRESSIVE;
				CLANG_WARN_UNREACHABLE_CODE = YES;
				CLANG_WARN__DUPLICATE_METHOD_MATCH = YES;
				COPY_PHASE_STRIP = NO;
				DEBUG_INFORMATION_FORMAT = "dwarf-with-dsym";
				ENABLE_NS_ASSERTIONS = NO;
				ENABLE_STRICT_OBJC_MSGSEND = YES;
				GCC_C_LANGUAGE_STANDARD = gnu11;
				GCC_NO_COMMON_BLOCKS = YES;
				GCC_WARN_64_TO_32_BIT_CONVERSION = YES;
				GCC_WARN_ABOUT_RETURN_TYPE = YES_ERROR;
				GCC_WARN_UNDECLARED_SELECTOR = YES;
				GCC_WARN_UNINITIALIZED_AUTOS = YES_AGGRESSIVE;
				GCC_WARN_UNUSED_FUNCTION = YES;
				GCC_WARN_UNUSED_VARIABLE = YES;
				IPHONEOS_DEPLOYMENT_TARGET = 16.0;
				MTL_ENABLE_DEBUG_INFO = NO;
				MTL_FAST_MATH = YES;
				SDKROOT = iphoneos;
				SWIFT_COMPILATION_MODE = wholemodule;
				SWIFT_OPTIMIZATION_LEVEL = "-O";
				VALIDATE_PRODUCT = YES;
			};
			name = Release;
		};
		D60D84F3294EDCB300352677 /* Debug */ = {
			isa = XCBuildConfiguration;
			buildSettings = {
				ASSETCATALOG_COMPILER_APPICON_NAME = AppIcon;
				ASSETCATALOG_COMPILER_GLOBAL_ACCENT_COLOR_NAME = AccentColor;
				CODE_SIGN_STYLE = Automatic;
				CURRENT_PROJECT_VERSION = 1;
				DEVELOPMENT_TEAM = 653TUFJ9Y7;
				GENERATE_INFOPLIST_FILE = YES;
				INFOPLIST_FILE = SharePlanner/Info.plist;
				INFOPLIST_KEY_UIApplicationSupportsIndirectInputEvents = YES;
				INFOPLIST_KEY_UILaunchStoryboardName = LaunchScreen;
				INFOPLIST_KEY_UIMainStoryboardFile = Main;
				INFOPLIST_KEY_UISupportedInterfaceOrientations_iPad = "UIInterfaceOrientationPortrait UIInterfaceOrientationPortraitUpsideDown UIInterfaceOrientationLandscapeLeft UIInterfaceOrientationLandscapeRight";
				INFOPLIST_KEY_UISupportedInterfaceOrientations_iPhone = "UIInterfaceOrientationPortrait UIInterfaceOrientationLandscapeLeft UIInterfaceOrientationLandscapeRight";
				LD_RUNPATH_SEARCH_PATHS = (
					"$(inherited)",
					"@executable_path/Frameworks",
				);
				MARKETING_VERSION = 1.0;
				PRODUCT_BUNDLE_IDENTIFIER = com.ayeon.SharePlanner;
				PRODUCT_NAME = "$(TARGET_NAME)";
				SWIFT_EMIT_LOC_STRINGS = YES;
				SWIFT_VERSION = 5.0;
				TARGETED_DEVICE_FAMILY = "1,2";
			};
			name = Debug;
		};
		D60D84F4294EDCB300352677 /* Release */ = {
			isa = XCBuildConfiguration;
			buildSettings = {
				ASSETCATALOG_COMPILER_APPICON_NAME = AppIcon;
				ASSETCATALOG_COMPILER_GLOBAL_ACCENT_COLOR_NAME = AccentColor;
				CODE_SIGN_STYLE = Automatic;
				CURRENT_PROJECT_VERSION = 1;
				DEVELOPMENT_TEAM = 653TUFJ9Y7;
				GENERATE_INFOPLIST_FILE = YES;
				INFOPLIST_FILE = SharePlanner/Info.plist;
				INFOPLIST_KEY_UIApplicationSupportsIndirectInputEvents = YES;
				INFOPLIST_KEY_UILaunchStoryboardName = LaunchScreen;
				INFOPLIST_KEY_UIMainStoryboardFile = Main;
				INFOPLIST_KEY_UISupportedInterfaceOrientations_iPad = "UIInterfaceOrientationPortrait UIInterfaceOrientationPortraitUpsideDown UIInterfaceOrientationLandscapeLeft UIInterfaceOrientationLandscapeRight";
				INFOPLIST_KEY_UISupportedInterfaceOrientations_iPhone = "UIInterfaceOrientationPortrait UIInterfaceOrientationLandscapeLeft UIInterfaceOrientationLandscapeRight";
				LD_RUNPATH_SEARCH_PATHS = (
					"$(inherited)",
					"@executable_path/Frameworks",
				);
				MARKETING_VERSION = 1.0;
				PRODUCT_BUNDLE_IDENTIFIER = com.ayeon.SharePlanner;
				PRODUCT_NAME = "$(TARGET_NAME)";
				SWIFT_EMIT_LOC_STRINGS = YES;
				SWIFT_VERSION = 5.0;
				TARGETED_DEVICE_FAMILY = "1,2";
			};
			name = Release;
		};
		D60D84F6294EDCB300352677 /* Debug */ = {
			isa = XCBuildConfiguration;
			buildSettings = {
				ALWAYS_EMBED_SWIFT_STANDARD_LIBRARIES = YES;
				BUNDLE_LOADER = "$(TEST_HOST)";
				CODE_SIGN_STYLE = Automatic;
				CURRENT_PROJECT_VERSION = 1;
				DEVELOPMENT_TEAM = 653TUFJ9Y7;
				GENERATE_INFOPLIST_FILE = YES;
				IPHONEOS_DEPLOYMENT_TARGET = 16.0;
				MARKETING_VERSION = 1.0;
				PRODUCT_BUNDLE_IDENTIFIER = com.ayeon.SharePlannerTests;
				PRODUCT_NAME = "$(TARGET_NAME)";
				SWIFT_EMIT_LOC_STRINGS = NO;
				SWIFT_VERSION = 5.0;
				TARGETED_DEVICE_FAMILY = "1,2";
				TEST_HOST = "$(BUILT_PRODUCTS_DIR)/SharePlanner.app/$(BUNDLE_EXECUTABLE_FOLDER_PATH)/SharePlanner";
			};
			name = Debug;
		};
		D60D84F7294EDCB300352677 /* Release */ = {
			isa = XCBuildConfiguration;
			buildSettings = {
				ALWAYS_EMBED_SWIFT_STANDARD_LIBRARIES = YES;
				BUNDLE_LOADER = "$(TEST_HOST)";
				CODE_SIGN_STYLE = Automatic;
				CURRENT_PROJECT_VERSION = 1;
				DEVELOPMENT_TEAM = 653TUFJ9Y7;
				GENERATE_INFOPLIST_FILE = YES;
				IPHONEOS_DEPLOYMENT_TARGET = 16.0;
				MARKETING_VERSION = 1.0;
				PRODUCT_BUNDLE_IDENTIFIER = com.ayeon.SharePlannerTests;
				PRODUCT_NAME = "$(TARGET_NAME)";
				SWIFT_EMIT_LOC_STRINGS = NO;
				SWIFT_VERSION = 5.0;
				TARGETED_DEVICE_FAMILY = "1,2";
				TEST_HOST = "$(BUILT_PRODUCTS_DIR)/SharePlanner.app/$(BUNDLE_EXECUTABLE_FOLDER_PATH)/SharePlanner";
			};
			name = Release;
		};
		D60D84F9294EDCB300352677 /* Debug */ = {
			isa = XCBuildConfiguration;
			buildSettings = {
				ALWAYS_EMBED_SWIFT_STANDARD_LIBRARIES = YES;
				CODE_SIGN_STYLE = Automatic;
				CURRENT_PROJECT_VERSION = 1;
				DEVELOPMENT_TEAM = 653TUFJ9Y7;
				GENERATE_INFOPLIST_FILE = YES;
				MARKETING_VERSION = 1.0;
				PRODUCT_BUNDLE_IDENTIFIER = com.ayeon.SharePlannerUITests;
				PRODUCT_NAME = "$(TARGET_NAME)";
				SWIFT_EMIT_LOC_STRINGS = NO;
				SWIFT_VERSION = 5.0;
				TARGETED_DEVICE_FAMILY = "1,2";
				TEST_TARGET_NAME = SharePlanner;
			};
			name = Debug;
		};
		D60D84FA294EDCB300352677 /* Release */ = {
			isa = XCBuildConfiguration;
			buildSettings = {
				ALWAYS_EMBED_SWIFT_STANDARD_LIBRARIES = YES;
				CODE_SIGN_STYLE = Automatic;
				CURRENT_PROJECT_VERSION = 1;
				DEVELOPMENT_TEAM = 653TUFJ9Y7;
				GENERATE_INFOPLIST_FILE = YES;
				MARKETING_VERSION = 1.0;
				PRODUCT_BUNDLE_IDENTIFIER = com.ayeon.SharePlannerUITests;
				PRODUCT_NAME = "$(TARGET_NAME)";
				SWIFT_EMIT_LOC_STRINGS = NO;
				SWIFT_VERSION = 5.0;
				TARGETED_DEVICE_FAMILY = "1,2";
				TEST_TARGET_NAME = SharePlanner;
			};
			name = Release;
		};
/* End XCBuildConfiguration section */

/* Begin XCConfigurationList section */
		D60D84C0294EDCB100352677 /* Build configuration list for PBXProject "SharePlanner" */ = {
			isa = XCConfigurationList;
			buildConfigurations = (
				D60D84F0294EDCB300352677 /* Debug */,
				D60D84F1294EDCB300352677 /* Release */,
			);
			defaultConfigurationIsVisible = 0;
			defaultConfigurationName = Release;
		};
		D60D84F2294EDCB300352677 /* Build configuration list for PBXNativeTarget "SharePlanner" */ = {
			isa = XCConfigurationList;
			buildConfigurations = (
				D60D84F3294EDCB300352677 /* Debug */,
				D60D84F4294EDCB300352677 /* Release */,
			);
			defaultConfigurationIsVisible = 0;
			defaultConfigurationName = Release;
		};
		D60D84F5294EDCB300352677 /* Build configuration list for PBXNativeTarget "SharePlannerTests" */ = {
			isa = XCConfigurationList;
			buildConfigurations = (
				D60D84F6294EDCB300352677 /* Debug */,
				D60D84F7294EDCB300352677 /* Release */,
			);
			defaultConfigurationIsVisible = 0;
			defaultConfigurationName = Release;
		};
		D60D84F8294EDCB300352677 /* Build configuration list for PBXNativeTarget "SharePlannerUITests" */ = {
			isa = XCConfigurationList;
			buildConfigurations = (
				D60D84F9294EDCB300352677 /* Debug */,
				D60D84FA294EDCB300352677 /* Release */,
			);
			defaultConfigurationIsVisible = 0;
			defaultConfigurationName = Release;
		};
/* End XCConfigurationList section */

/* Begin XCVersionGroup section */
		D60D84D1294EDCB100352677 /* SharePlanner.xcdatamodeld */ = {
			isa = XCVersionGroup;
			children = (
				D60D84D2294EDCB100352677 /* SharePlanner.xcdatamodel */,
			);
			currentVersion = D60D84D2294EDCB100352677 /* SharePlanner.xcdatamodel */;
			path = SharePlanner.xcdatamodeld;
			sourceTree = "<group>";
			versionGroupType = wrapper.xcdatamodel;
		};
/* End XCVersionGroup section */
	};
	rootObject = D60D84BD294EDCB100352677 /* Project object */;
}
