// !$*UTF8*$!
{
	archiveVersion = 1;
	classes = {
	};
	objectVersion = 56;
	objects = {

/* Begin PBXBuildFile section */
		3439C500E3B517EE1D0BA7D9 /* Pods_SharePlanner.framework in Frameworks */ = {isa = PBXBuildFile; fileRef = CDC8C412726B522F4A236230 /* Pods_SharePlanner.framework */; };
		C40496942966B14A00FAFEF4 /* HttpApiManager.swift in Sources */ = {isa = PBXBuildFile; fileRef = C40496932966B14A00FAFEF4 /* HttpApiManager.swift */; };
		C40496962966B1FD00FAFEF4 /* ApiError.swift in Sources */ = {isa = PBXBuildFile; fileRef = C40496952966B1FD00FAFEF4 /* ApiError.swift */; };
		C499FEDB29810F8C00D16DA5 /* CalendarRegisterReactor.swift in Sources */ = {isa = PBXBuildFile; fileRef = C499FEDA29810F8C00D16DA5 /* CalendarRegisterReactor.swift */; };
		C499FEDD29810F9600D16DA5 /* CalendarRegisterModel.swift in Sources */ = {isa = PBXBuildFile; fileRef = C499FEDC29810F9600D16DA5 /* CalendarRegisterModel.swift */; };
		C499FEDF29810FB000D16DA5 /* CalendarRegisterVC.swift in Sources */ = {isa = PBXBuildFile; fileRef = C499FEDE29810FB000D16DA5 /* CalendarRegisterVC.swift */; };
		C49A01D82954181E0050F561 /* CalendarContentVC.swift in Sources */ = {isa = PBXBuildFile; fileRef = C49A01D72954181E0050F561 /* CalendarContentVC.swift */; };
		C49A01DA295418740050F561 /* BaseViewController.swift in Sources */ = {isa = PBXBuildFile; fileRef = C49A01D9295418740050F561 /* BaseViewController.swift */; };
		C49A01DF29541B460050F561 /* CustomLog.swift in Sources */ = {isa = PBXBuildFile; fileRef = C49A01DE29541B460050F561 /* CustomLog.swift */; };
		C49A01E1295424420050F561 /* CalendarContentReactor.swift in Sources */ = {isa = PBXBuildFile; fileRef = C49A01E0295424420050F561 /* CalendarContentReactor.swift */; };
		C49A01E3295430630050F561 /* Scene.swift in Sources */ = {isa = PBXBuildFile; fileRef = C49A01E2295430630050F561 /* Scene.swift */; };
		C49A01E529543D410050F561 /* DimmPresentManager.swift in Sources */ = {isa = PBXBuildFile; fileRef = C49A01E429543D410050F561 /* DimmPresentManager.swift */; };
		C49A01E829543E3E0050F561 /* UINavigationController+Extensions.swift in Sources */ = {isa = PBXBuildFile; fileRef = C49A01E729543E3E0050F561 /* UINavigationController+Extensions.swift */; };
		C49A01ED295449870050F561 /* CalendarContainerVC.swift in Sources */ = {isa = PBXBuildFile; fileRef = C49A01EC295449870050F561 /* CalendarContainerVC.swift */; };
		C49A01F429544A1C0050F561 /* CalendarContainerReactor.swift in Sources */ = {isa = PBXBuildFile; fileRef = C49A01F329544A1C0050F561 /* CalendarContainerReactor.swift */; };
		C49A01F629544FB20050F561 /* UIApplication+Extensions.swift in Sources */ = {isa = PBXBuildFile; fileRef = C49A01F529544FB20050F561 /* UIApplication+Extensions.swift */; };
		C4A40CD429553DDD007DBB90 /* NanumDdoBagDdoBag.ttf in Resources */ = {isa = PBXBuildFile; fileRef = C4A40CD329553DDD007DBB90 /* NanumDdoBagDdoBag.ttf */; };
		C4A40CD629553E0F007DBB90 /* UIColor+Extensions.swift in Sources */ = {isa = PBXBuildFile; fileRef = C4A40CD529553E0F007DBB90 /* UIColor+Extensions.swift */; };
		C4A40CD829553E1A007DBB90 /* UIFont+Extensions.swift in Sources */ = {isa = PBXBuildFile; fileRef = C4A40CD729553E1A007DBB90 /* UIFont+Extensions.swift */; };
		C4A40CDA29554282007DBB90 /* CalendarContentModel.swift in Sources */ = {isa = PBXBuildFile; fileRef = C4A40CD929554282007DBB90 /* CalendarContentModel.swift */; };
		C4A40CDC29554A7F007DBB90 /* CalendarContainerModel.swift in Sources */ = {isa = PBXBuildFile; fileRef = C4A40CDB29554A7F007DBB90 /* CalendarContainerModel.swift */; };
		C4A40CDE2955766A007DBB90 /* String+Extensions.swift in Sources */ = {isa = PBXBuildFile; fileRef = C4A40CDD2955766A007DBB90 /* String+Extensions.swift */; };
		C4A40CE0295576D9007DBB90 /* Date+Extensions.swift in Sources */ = {isa = PBXBuildFile; fileRef = C4A40CDF295576D9007DBB90 /* Date+Extensions.swift */; };
		C4A40CE329557870007DBB90 /* WeekdayView.swift in Sources */ = {isa = PBXBuildFile; fileRef = C4A40CE229557870007DBB90 /* WeekdayView.swift */; };
		C4A40CE629557F9E007DBB90 /* CalendarView.swift in Sources */ = {isa = PBXBuildFile; fileRef = C4A40CE529557F9E007DBB90 /* CalendarView.swift */; };
		C4A665092978D34500A7BC97 /* BottomToastView.swift in Sources */ = {isa = PBXBuildFile; fileRef = C4A665082978D34500A7BC97 /* BottomToastView.swift */; };
		C4A6650B2978DC6C00A7BC97 /* UIAlertController+Extensions.swift in Sources */ = {isa = PBXBuildFile; fileRef = C4A6650A2978DC6C00A7BC97 /* UIAlertController+Extensions.swift */; };
		C4A665102978DCCE00A7BC97 /* LoginVC.swift in Sources */ = {isa = PBXBuildFile; fileRef = C4A6650F2978DCCE00A7BC97 /* LoginVC.swift */; };
		C4A665122978DCDB00A7BC97 /* LoginReactor.swift in Sources */ = {isa = PBXBuildFile; fileRef = C4A665112978DCDB00A7BC97 /* LoginReactor.swift */; };
		C4A665142978DCE300A7BC97 /* LoginModel.swift in Sources */ = {isa = PBXBuildFile; fileRef = C4A665132978DCE300A7BC97 /* LoginModel.swift */; };
		D60D84C9294EDCB100352677 /* AppDelegate.swift in Sources */ = {isa = PBXBuildFile; fileRef = D60D84C8294EDCB100352677 /* AppDelegate.swift */; };
		D60D84CB294EDCB100352677 /* SceneDelegate.swift in Sources */ = {isa = PBXBuildFile; fileRef = D60D84CA294EDCB100352677 /* SceneDelegate.swift */; };
		D60D84D5294EDCB200352677 /* Assets.xcassets in Resources */ = {isa = PBXBuildFile; fileRef = D60D84D4294EDCB200352677 /* Assets.xcassets */; };
		D60D84D8294EDCB200352677 /* LaunchScreen.storyboard in Resources */ = {isa = PBXBuildFile; fileRef = D60D84D6294EDCB200352677 /* LaunchScreen.storyboard */; };
		D60D84E3294EDCB300352677 /* CalendarContainerTests.swift in Sources */ = {isa = PBXBuildFile; fileRef = D60D84E2294EDCB300352677 /* CalendarContainerTests.swift */; };
		D6239DB1296E91B800A2DA53 /* SideMenuTVCell.swift in Sources */ = {isa = PBXBuildFile; fileRef = D6239DB0296E91B800A2DA53 /* SideMenuTVCell.swift */; };
		D6239DB6296EAEA100A2DA53 /* SettingVC.swift in Sources */ = {isa = PBXBuildFile; fileRef = D6239DB5296EAEA100A2DA53 /* SettingVC.swift */; };
		D6239DB8296EAEAB00A2DA53 /* SettingReactor.swift in Sources */ = {isa = PBXBuildFile; fileRef = D6239DB7296EAEAB00A2DA53 /* SettingReactor.swift */; };
		D6239DBB296EAF6B00A2DA53 /* SettingTVCell.swift in Sources */ = {isa = PBXBuildFile; fileRef = D6239DBA296EAF6B00A2DA53 /* SettingTVCell.swift */; };
		D6BCE812295C059C00931620 /* SideMenuVC.swift in Sources */ = {isa = PBXBuildFile; fileRef = D6BCE811295C059C00931620 /* SideMenuVC.swift */; };
		D6BCE814295C05B000931620 /* SideMenuReactor.swift in Sources */ = {isa = PBXBuildFile; fileRef = D6BCE813295C05B000931620 /* SideMenuReactor.swift */; };
		D6BCE816295C084B00931620 /* CalendarContentTest.swift in Sources */ = {isa = PBXBuildFile; fileRef = D6BCE815295C084B00931620 /* CalendarContentTest.swift */; };
		FBAF7CF2558BE5565268467C /* Pods_SharePlannerTests.framework in Frameworks */ = {isa = PBXBuildFile; fileRef = AC7F1EC26565B177DEA93EED /* Pods_SharePlannerTests.framework */; };
/* End PBXBuildFile section */

/* Begin PBXContainerItemProxy section */
		D60D84DF294EDCB300352677 /* PBXContainerItemProxy */ = {
			isa = PBXContainerItemProxy;
			containerPortal = D60D84BD294EDCB100352677 /* Project object */;
			proxyType = 1;
			remoteGlobalIDString = D60D84C4294EDCB100352677;
			remoteInfo = SharePlanner;
		};
/* End PBXContainerItemProxy section */

/* Begin PBXFileReference section */
		09468E88B9CA50E355E199ED /* Pods-SharePlannerTests.release.xcconfig */ = {isa = PBXFileReference; includeInIndex = 1; lastKnownFileType = text.xcconfig; name = "Pods-SharePlannerTests.release.xcconfig"; path = "Target Support Files/Pods-SharePlannerTests/Pods-SharePlannerTests.release.xcconfig"; sourceTree = "<group>"; };
		15B7364B5BA4C13495F71275 /* Pods-SharePlanner.debug.xcconfig */ = {isa = PBXFileReference; includeInIndex = 1; lastKnownFileType = text.xcconfig; name = "Pods-SharePlanner.debug.xcconfig"; path = "Target Support Files/Pods-SharePlanner/Pods-SharePlanner.debug.xcconfig"; sourceTree = "<group>"; };
		1D169FC4FBD651D81088E3DA /* Pods-SharePlanner.release.xcconfig */ = {isa = PBXFileReference; includeInIndex = 1; lastKnownFileType = text.xcconfig; name = "Pods-SharePlanner.release.xcconfig"; path = "Target Support Files/Pods-SharePlanner/Pods-SharePlanner.release.xcconfig"; sourceTree = "<group>"; };
		AC7F1EC26565B177DEA93EED /* Pods_SharePlannerTests.framework */ = {isa = PBXFileReference; explicitFileType = wrapper.framework; includeInIndex = 0; path = Pods_SharePlannerTests.framework; sourceTree = BUILT_PRODUCTS_DIR; };
		BB8F17BE6C9812D0435826A8 /* Pods-SharePlanner-SharePlannerUITests.release.xcconfig */ = {isa = PBXFileReference; includeInIndex = 1; lastKnownFileType = text.xcconfig; name = "Pods-SharePlanner-SharePlannerUITests.release.xcconfig"; path = "Target Support Files/Pods-SharePlanner-SharePlannerUITests/Pods-SharePlanner-SharePlannerUITests.release.xcconfig"; sourceTree = "<group>"; };
		C40496932966B14A00FAFEF4 /* HttpApiManager.swift */ = {isa = PBXFileReference; lastKnownFileType = sourcecode.swift; path = HttpApiManager.swift; sourceTree = "<group>"; };
		C40496952966B1FD00FAFEF4 /* ApiError.swift */ = {isa = PBXFileReference; lastKnownFileType = sourcecode.swift; path = ApiError.swift; sourceTree = "<group>"; };
		C499FEDA29810F8C00D16DA5 /* CalendarRegisterReactor.swift */ = {isa = PBXFileReference; lastKnownFileType = sourcecode.swift; path = CalendarRegisterReactor.swift; sourceTree = "<group>"; };
		C499FEDC29810F9600D16DA5 /* CalendarRegisterModel.swift */ = {isa = PBXFileReference; lastKnownFileType = sourcecode.swift; path = CalendarRegisterModel.swift; sourceTree = "<group>"; };
		C499FEDE29810FB000D16DA5 /* CalendarRegisterVC.swift */ = {isa = PBXFileReference; lastKnownFileType = sourcecode.swift; path = CalendarRegisterVC.swift; sourceTree = "<group>"; };
		C49A01D72954181E0050F561 /* CalendarContentVC.swift */ = {isa = PBXFileReference; lastKnownFileType = sourcecode.swift; path = CalendarContentVC.swift; sourceTree = "<group>"; };
		C49A01D9295418740050F561 /* BaseViewController.swift */ = {isa = PBXFileReference; lastKnownFileType = sourcecode.swift; path = BaseViewController.swift; sourceTree = "<group>"; };
		C49A01DE29541B460050F561 /* CustomLog.swift */ = {isa = PBXFileReference; lastKnownFileType = sourcecode.swift; path = CustomLog.swift; sourceTree = "<group>"; };
		C49A01E0295424420050F561 /* CalendarContentReactor.swift */ = {isa = PBXFileReference; lastKnownFileType = sourcecode.swift; path = CalendarContentReactor.swift; sourceTree = "<group>"; };
		C49A01E2295430630050F561 /* Scene.swift */ = {isa = PBXFileReference; lastKnownFileType = sourcecode.swift; path = Scene.swift; sourceTree = "<group>"; };
		C49A01E429543D410050F561 /* DimmPresentManager.swift */ = {isa = PBXFileReference; lastKnownFileType = sourcecode.swift; path = DimmPresentManager.swift; sourceTree = "<group>"; };
		C49A01E729543E3E0050F561 /* UINavigationController+Extensions.swift */ = {isa = PBXFileReference; lastKnownFileType = sourcecode.swift; path = "UINavigationController+Extensions.swift"; sourceTree = "<group>"; };
		C49A01EC295449870050F561 /* CalendarContainerVC.swift */ = {isa = PBXFileReference; lastKnownFileType = sourcecode.swift; path = CalendarContainerVC.swift; sourceTree = "<group>"; };
		C49A01F329544A1C0050F561 /* CalendarContainerReactor.swift */ = {isa = PBXFileReference; lastKnownFileType = sourcecode.swift; path = CalendarContainerReactor.swift; sourceTree = "<group>"; };
		C49A01F529544FB20050F561 /* UIApplication+Extensions.swift */ = {isa = PBXFileReference; lastKnownFileType = sourcecode.swift; path = "UIApplication+Extensions.swift"; sourceTree = "<group>"; };
		C4A40CD329553DDD007DBB90 /* NanumDdoBagDdoBag.ttf */ = {isa = PBXFileReference; lastKnownFileType = file; path = NanumDdoBagDdoBag.ttf; sourceTree = "<group>"; };
		C4A40CD529553E0F007DBB90 /* UIColor+Extensions.swift */ = {isa = PBXFileReference; lastKnownFileType = sourcecode.swift; path = "UIColor+Extensions.swift"; sourceTree = "<group>"; };
		C4A40CD729553E1A007DBB90 /* UIFont+Extensions.swift */ = {isa = PBXFileReference; lastKnownFileType = sourcecode.swift; path = "UIFont+Extensions.swift"; sourceTree = "<group>"; };
		C4A40CD929554282007DBB90 /* CalendarContentModel.swift */ = {isa = PBXFileReference; lastKnownFileType = sourcecode.swift; path = CalendarContentModel.swift; sourceTree = "<group>"; };
		C4A40CDB29554A7F007DBB90 /* CalendarContainerModel.swift */ = {isa = PBXFileReference; lastKnownFileType = sourcecode.swift; path = CalendarContainerModel.swift; sourceTree = "<group>"; };
		C4A40CDD2955766A007DBB90 /* String+Extensions.swift */ = {isa = PBXFileReference; lastKnownFileType = sourcecode.swift; path = "String+Extensions.swift"; sourceTree = "<group>"; };
		C4A40CDF295576D9007DBB90 /* Date+Extensions.swift */ = {isa = PBXFileReference; lastKnownFileType = sourcecode.swift; path = "Date+Extensions.swift"; sourceTree = "<group>"; };
		C4A40CE229557870007DBB90 /* WeekdayView.swift */ = {isa = PBXFileReference; lastKnownFileType = sourcecode.swift; path = WeekdayView.swift; sourceTree = "<group>"; };
		C4A40CE529557F9E007DBB90 /* CalendarView.swift */ = {isa = PBXFileReference; lastKnownFileType = sourcecode.swift; path = CalendarView.swift; sourceTree = "<group>"; };
		C4A665082978D34500A7BC97 /* BottomToastView.swift */ = {isa = PBXFileReference; lastKnownFileType = sourcecode.swift; path = BottomToastView.swift; sourceTree = "<group>"; };
		C4A6650A2978DC6C00A7BC97 /* UIAlertController+Extensions.swift */ = {isa = PBXFileReference; lastKnownFileType = sourcecode.swift; path = "UIAlertController+Extensions.swift"; sourceTree = "<group>"; };
		C4A6650F2978DCCE00A7BC97 /* LoginVC.swift */ = {isa = PBXFileReference; lastKnownFileType = sourcecode.swift; path = LoginVC.swift; sourceTree = "<group>"; };
		C4A665112978DCDB00A7BC97 /* LoginReactor.swift */ = {isa = PBXFileReference; lastKnownFileType = sourcecode.swift; path = LoginReactor.swift; sourceTree = "<group>"; };
		C4A665132978DCE300A7BC97 /* LoginModel.swift */ = {isa = PBXFileReference; lastKnownFileType = sourcecode.swift; path = LoginModel.swift; sourceTree = "<group>"; };
		CDC8C412726B522F4A236230 /* Pods_SharePlanner.framework */ = {isa = PBXFileReference; explicitFileType = wrapper.framework; includeInIndex = 0; path = Pods_SharePlanner.framework; sourceTree = BUILT_PRODUCTS_DIR; };
		D4C0555118CA729B765293C9 /* Pods-SharePlanner-SharePlannerUITests.debug.xcconfig */ = {isa = PBXFileReference; includeInIndex = 1; lastKnownFileType = text.xcconfig; name = "Pods-SharePlanner-SharePlannerUITests.debug.xcconfig"; path = "Target Support Files/Pods-SharePlanner-SharePlannerUITests/Pods-SharePlanner-SharePlannerUITests.debug.xcconfig"; sourceTree = "<group>"; };
		D60D84C5294EDCB100352677 /* SharePlanner.app */ = {isa = PBXFileReference; explicitFileType = wrapper.application; includeInIndex = 0; path = SharePlanner.app; sourceTree = BUILT_PRODUCTS_DIR; };
		D60D84C8294EDCB100352677 /* AppDelegate.swift */ = {isa = PBXFileReference; lastKnownFileType = sourcecode.swift; path = AppDelegate.swift; sourceTree = "<group>"; };
		D60D84CA294EDCB100352677 /* SceneDelegate.swift */ = {isa = PBXFileReference; lastKnownFileType = sourcecode.swift; path = SceneDelegate.swift; sourceTree = "<group>"; };
		D60D84D4294EDCB200352677 /* Assets.xcassets */ = {isa = PBXFileReference; lastKnownFileType = folder.assetcatalog; path = Assets.xcassets; sourceTree = "<group>"; };
		D60D84D7294EDCB200352677 /* Base */ = {isa = PBXFileReference; lastKnownFileType = file.storyboard; name = Base; path = Base.lproj/LaunchScreen.storyboard; sourceTree = "<group>"; };
		D60D84D9294EDCB200352677 /* Info.plist */ = {isa = PBXFileReference; lastKnownFileType = text.plist.xml; path = Info.plist; sourceTree = "<group>"; };
		D60D84DE294EDCB300352677 /* SharePlannerTests.xctest */ = {isa = PBXFileReference; explicitFileType = wrapper.cfbundle; includeInIndex = 0; path = SharePlannerTests.xctest; sourceTree = BUILT_PRODUCTS_DIR; };
		D60D84E2294EDCB300352677 /* CalendarContainerTests.swift */ = {isa = PBXFileReference; lastKnownFileType = sourcecode.swift; path = CalendarContainerTests.swift; sourceTree = "<group>"; };
		D6239DB0296E91B800A2DA53 /* SideMenuTVCell.swift */ = {isa = PBXFileReference; lastKnownFileType = sourcecode.swift; path = SideMenuTVCell.swift; sourceTree = "<group>"; };
		D6239DB5296EAEA100A2DA53 /* SettingVC.swift */ = {isa = PBXFileReference; lastKnownFileType = sourcecode.swift; path = SettingVC.swift; sourceTree = "<group>"; };
		D6239DB7296EAEAB00A2DA53 /* SettingReactor.swift */ = {isa = PBXFileReference; lastKnownFileType = sourcecode.swift; path = SettingReactor.swift; sourceTree = "<group>"; };
		D6239DBA296EAF6B00A2DA53 /* SettingTVCell.swift */ = {isa = PBXFileReference; lastKnownFileType = sourcecode.swift; path = SettingTVCell.swift; sourceTree = "<group>"; };
		D6BCE811295C059C00931620 /* SideMenuVC.swift */ = {isa = PBXFileReference; lastKnownFileType = sourcecode.swift; path = SideMenuVC.swift; sourceTree = "<group>"; };
		D6BCE813295C05B000931620 /* SideMenuReactor.swift */ = {isa = PBXFileReference; lastKnownFileType = sourcecode.swift; path = SideMenuReactor.swift; sourceTree = "<group>"; };
		D6BCE815295C084B00931620 /* CalendarContentTest.swift */ = {isa = PBXFileReference; lastKnownFileType = sourcecode.swift; path = CalendarContentTest.swift; sourceTree = "<group>"; };
		E82A9824D06341CD9C1A9E5B /* Pods-SharePlannerTests.debug.xcconfig */ = {isa = PBXFileReference; includeInIndex = 1; lastKnownFileType = text.xcconfig; name = "Pods-SharePlannerTests.debug.xcconfig"; path = "Target Support Files/Pods-SharePlannerTests/Pods-SharePlannerTests.debug.xcconfig"; sourceTree = "<group>"; };
		F1A7E6A2F738C4B65ACD2C02 /* Pods_SharePlanner_SharePlannerUITests.framework */ = {isa = PBXFileReference; explicitFileType = wrapper.framework; includeInIndex = 0; path = Pods_SharePlanner_SharePlannerUITests.framework; sourceTree = BUILT_PRODUCTS_DIR; };
/* End PBXFileReference section */

/* Begin PBXFrameworksBuildPhase section */
		D60D84C2294EDCB100352677 /* Frameworks */ = {
			isa = PBXFrameworksBuildPhase;
			buildActionMask = 2147483647;
			files = (
				3439C500E3B517EE1D0BA7D9 /* Pods_SharePlanner.framework in Frameworks */,
			);
			runOnlyForDeploymentPostprocessing = 0;
		};
		D60D84DB294EDCB300352677 /* Frameworks */ = {
			isa = PBXFrameworksBuildPhase;
			buildActionMask = 2147483647;
			files = (
				FBAF7CF2558BE5565268467C /* Pods_SharePlannerTests.framework in Frameworks */,
			);
			runOnlyForDeploymentPostprocessing = 0;
		};
/* End PBXFrameworksBuildPhase section */

/* Begin PBXGroup section */
		7BF750FF67BDE3DEFE56B0DC /* Frameworks */ = {
			isa = PBXGroup;
			children = (
				CDC8C412726B522F4A236230 /* Pods_SharePlanner.framework */,
				F1A7E6A2F738C4B65ACD2C02 /* Pods_SharePlanner_SharePlannerUITests.framework */,
				AC7F1EC26565B177DEA93EED /* Pods_SharePlannerTests.framework */,
			);
			name = Frameworks;
			sourceTree = "<group>";
		};
		850EECACC1D9EEDF1E566F0D /* Pods */ = {
			isa = PBXGroup;
			children = (
				15B7364B5BA4C13495F71275 /* Pods-SharePlanner.debug.xcconfig */,
				1D169FC4FBD651D81088E3DA /* Pods-SharePlanner.release.xcconfig */,
				D4C0555118CA729B765293C9 /* Pods-SharePlanner-SharePlannerUITests.debug.xcconfig */,
				BB8F17BE6C9812D0435826A8 /* Pods-SharePlanner-SharePlannerUITests.release.xcconfig */,
				E82A9824D06341CD9C1A9E5B /* Pods-SharePlannerTests.debug.xcconfig */,
				09468E88B9CA50E355E199ED /* Pods-SharePlannerTests.release.xcconfig */,
			);
			path = Pods;
			sourceTree = "<group>";
		};
		C499FED429810F4900D16DA5 /* CalnedarRegister */ = {
			isa = PBXGroup;
			children = (
				C499FED729810F6D00D16DA5 /* Model */,
				C499FED629810F6900D16DA5 /* ViewModel */,
				C499FED529810F6500D16DA5 /* View */,
			);
			path = CalnedarRegister;
			sourceTree = "<group>";
		};
		C499FED529810F6500D16DA5 /* View */ = {
			isa = PBXGroup;
			children = (
				C499FEDE29810FB000D16DA5 /* CalendarRegisterVC.swift */,
			);
			path = View;
			sourceTree = "<group>";
		};
		C499FED629810F6900D16DA5 /* ViewModel */ = {
			isa = PBXGroup;
			children = (
				C499FEDA29810F8C00D16DA5 /* CalendarRegisterReactor.swift */,
			);
			path = ViewModel;
			sourceTree = "<group>";
		};
		C499FED729810F6D00D16DA5 /* Model */ = {
			isa = PBXGroup;
			children = (
				C499FEDC29810F9600D16DA5 /* CalendarRegisterModel.swift */,
			);
			path = Model;
			sourceTree = "<group>";
		};
		C49A01CB295406550050F561 /* Service */ = {
			isa = PBXGroup;
			children = (
				C40496932966B14A00FAFEF4 /* HttpApiManager.swift */,
			);
			path = Service;
			sourceTree = "<group>";
		};
		C49A01CC2954065D0050F561 /* Base */ = {
			isa = PBXGroup;
			children = (
				C49A01D9295418740050F561 /* BaseViewController.swift */,
				C49A01E2295430630050F561 /* Scene.swift */,
			);
			path = Base;
			sourceTree = "<group>";
		};
		C49A01CD295406970050F561 /* Pages */ = {
			isa = PBXGroup;
			children = (
				C4A665062978D31900A7BC97 /* CommonView */,
				C49A01CF295406C20050F561 /* Login */,
				C49A01CE295406A50050F561 /* Calendar */,
				C49A01D1295406FF0050F561 /* SideMenu */,
				C49A01D0295406CA0050F561 /* Setting */,
			);
			path = Pages;
			sourceTree = "<group>";
		};
		C49A01CE295406A50050F561 /* Calendar */ = {
			isa = PBXGroup;
			children = (
				C49A01EE295449EC0050F561 /* CalendarContainer */,
				C49A01EF295449F60050F561 /* CalendarContent */,
				C499FED429810F4900D16DA5 /* CalnedarRegister */,
			);
			path = Calendar;
			sourceTree = "<group>";
		};
		C49A01CF295406C20050F561 /* Login */ = {
			isa = PBXGroup;
			children = (
				C4A6650E2978DCBD00A7BC97 /* Model */,
				C4A6650D2978DCB700A7BC97 /* ViewModel */,
				C4A6650C2978DCB100A7BC97 /* View */,
			);
			path = Login;
			sourceTree = "<group>";
		};
		C49A01D0295406CA0050F561 /* Setting */ = {
			isa = PBXGroup;
			children = (
				D6239DB4296EA53400A2DA53 /* Model */,
				D6239DB3296EA52F00A2DA53 /* ViewModel */,
				D6239DB2296EA52A00A2DA53 /* View */,
			);
			path = Setting;
			sourceTree = "<group>";
		};
		C49A01D1295406FF0050F561 /* SideMenu */ = {
			isa = PBXGroup;
			children = (
				D6BCE810295C057F00931620 /* Model */,
				D6BCE80F295C057900931620 /* ViewModel */,
				D6BCE80E295C057400931620 /* View */,
			);
			path = SideMenu;
			sourceTree = "<group>";
		};
		C49A01D4295418070050F561 /* View */ = {
			isa = PBXGroup;
			children = (
				C49A01D72954181E0050F561 /* CalendarContentVC.swift */,
				C4A40CE129557847007DBB90 /* CustomView */,
			);
			path = View;
			sourceTree = "<group>";
		};
		C49A01D52954180B0050F561 /* ViewModel */ = {
			isa = PBXGroup;
			children = (
				C49A01E0295424420050F561 /* CalendarContentReactor.swift */,
			);
			path = ViewModel;
			sourceTree = "<group>";
		};
		C49A01D6295418100050F561 /* Model */ = {
			isa = PBXGroup;
			children = (
				C4A40CD929554282007DBB90 /* CalendarContentModel.swift */,
			);
			path = Model;
			sourceTree = "<group>";
		};
		C49A01DD29541B320050F561 /* Utils */ = {
			isa = PBXGroup;
			children = (
				C4A40CD029553CC9007DBB90 /* Font */,
				C49A01E629543E2C0050F561 /* Extensions */,
				C49A01DE29541B460050F561 /* CustomLog.swift */,
				C49A01E429543D410050F561 /* DimmPresentManager.swift */,
				C40496952966B1FD00FAFEF4 /* ApiError.swift */,
			);
			path = Utils;
			sourceTree = "<group>";
		};
		C49A01E629543E2C0050F561 /* Extensions */ = {
			isa = PBXGroup;
			children = (
				C49A01E729543E3E0050F561 /* UINavigationController+Extensions.swift */,
				C49A01F529544FB20050F561 /* UIApplication+Extensions.swift */,
				C4A40CD529553E0F007DBB90 /* UIColor+Extensions.swift */,
				C4A40CD729553E1A007DBB90 /* UIFont+Extensions.swift */,
				C4A40CDD2955766A007DBB90 /* String+Extensions.swift */,
				C4A40CDF295576D9007DBB90 /* Date+Extensions.swift */,
				C4A6650A2978DC6C00A7BC97 /* UIAlertController+Extensions.swift */,
			);
			path = Extensions;
			sourceTree = "<group>";
		};
		C49A01EE295449EC0050F561 /* CalendarContainer */ = {
			isa = PBXGroup;
			children = (
				C49A01F229544A0C0050F561 /* Model */,
				C49A01F129544A080050F561 /* ViewModel */,
				C49A01F029544A040050F561 /* View */,
			);
			path = CalendarContainer;
			sourceTree = "<group>";
		};
		C49A01EF295449F60050F561 /* CalendarContent */ = {
			isa = PBXGroup;
			children = (
				C49A01D6295418100050F561 /* Model */,
				C49A01D52954180B0050F561 /* ViewModel */,
				C49A01D4295418070050F561 /* View */,
			);
			path = CalendarContent;
			sourceTree = "<group>";
		};
		C49A01F029544A040050F561 /* View */ = {
			isa = PBXGroup;
			children = (
				C49A01EC295449870050F561 /* CalendarContainerVC.swift */,
			);
			path = View;
			sourceTree = "<group>";
		};
		C49A01F129544A080050F561 /* ViewModel */ = {
			isa = PBXGroup;
			children = (
				C49A01F329544A1C0050F561 /* CalendarContainerReactor.swift */,
			);
			path = ViewModel;
			sourceTree = "<group>";
		};
		C49A01F229544A0C0050F561 /* Model */ = {
			isa = PBXGroup;
			children = (
				C4A40CDB29554A7F007DBB90 /* CalendarContainerModel.swift */,
			);
			path = Model;
			sourceTree = "<group>";
		};
		C4A40CD029553CC9007DBB90 /* Font */ = {
			isa = PBXGroup;
			children = (
				C4A40CD329553DDD007DBB90 /* NanumDdoBagDdoBag.ttf */,
			);
			path = Font;
			sourceTree = "<group>";
		};
		C4A40CE129557847007DBB90 /* CustomView */ = {
			isa = PBXGroup;
			children = (
				C4A40CE229557870007DBB90 /* WeekdayView.swift */,
				C4A40CE529557F9E007DBB90 /* CalendarView.swift */,
			);
			path = CustomView;
			sourceTree = "<group>";
		};
		C4A665062978D31900A7BC97 /* CommonView */ = {
			isa = PBXGroup;
			children = (
				C4A665072978D32300A7BC97 /* Toast */,
			);
			path = CommonView;
			sourceTree = "<group>";
		};
		C4A665072978D32300A7BC97 /* Toast */ = {
			isa = PBXGroup;
			children = (
				C4A665082978D34500A7BC97 /* BottomToastView.swift */,
			);
			path = Toast;
			sourceTree = "<group>";
		};
		C4A6650C2978DCB100A7BC97 /* View */ = {
			isa = PBXGroup;
			children = (
				C4A6650F2978DCCE00A7BC97 /* LoginVC.swift */,
			);
			path = View;
			sourceTree = "<group>";
		};
		C4A6650D2978DCB700A7BC97 /* ViewModel */ = {
			isa = PBXGroup;
			children = (
				C4A665112978DCDB00A7BC97 /* LoginReactor.swift */,
			);
			path = ViewModel;
			sourceTree = "<group>";
		};
		C4A6650E2978DCBD00A7BC97 /* Model */ = {
			isa = PBXGroup;
			children = (
				C4A665132978DCE300A7BC97 /* LoginModel.swift */,
			);
			path = Model;
			sourceTree = "<group>";
		};
		D60D84BC294EDCB100352677 = {
			isa = PBXGroup;
			children = (
				D60D84C7294EDCB100352677 /* SharePlanner */,
				D60D84E1294EDCB300352677 /* SharePlannerTests */,
				D60D84C6294EDCB100352677 /* Products */,
				850EECACC1D9EEDF1E566F0D /* Pods */,
				7BF750FF67BDE3DEFE56B0DC /* Frameworks */,
			);
			sourceTree = "<group>";
		};
		D60D84C6294EDCB100352677 /* Products */ = {
			isa = PBXGroup;
			children = (
				D60D84C5294EDCB100352677 /* SharePlanner.app */,
				D60D84DE294EDCB300352677 /* SharePlannerTests.xctest */,
			);
			name = Products;
			sourceTree = "<group>";
		};
		D60D84C7294EDCB100352677 /* SharePlanner */ = {
			isa = PBXGroup;
			children = (
				C49A01CB295406550050F561 /* Service */,
				C49A01CC2954065D0050F561 /* Base */,
				C49A01CD295406970050F561 /* Pages */,
				C49A01DD29541B320050F561 /* Utils */,
				D60D84C8294EDCB100352677 /* AppDelegate.swift */,
				D60D84CA294EDCB100352677 /* SceneDelegate.swift */,
				D60D84D4294EDCB200352677 /* Assets.xcassets */,
				D60D84D6294EDCB200352677 /* LaunchScreen.storyboard */,
				D60D84D9294EDCB200352677 /* Info.plist */,
			);
			path = SharePlanner;
			sourceTree = "<group>";
		};
		D60D84E1294EDCB300352677 /* SharePlannerTests */ = {
			isa = PBXGroup;
			children = (
				D60D84E2294EDCB300352677 /* CalendarContainerTests.swift */,
				D6BCE815295C084B00931620 /* CalendarContentTest.swift */,
			);
			path = SharePlannerTests;
			sourceTree = "<group>";
		};
		D6239DAF296E919600A2DA53 /* TableView */ = {
			isa = PBXGroup;
			children = (
				D6239DB0296E91B800A2DA53 /* SideMenuTVCell.swift */,
			);
			path = TableView;
			sourceTree = "<group>";
		};
		D6239DB2296EA52A00A2DA53 /* View */ = {
			isa = PBXGroup;
			children = (
				D6239DB5296EAEA100A2DA53 /* SettingVC.swift */,
				D6239DB9296EAF4E00A2DA53 /* TableViewCell */,
			);
			path = View;
			sourceTree = "<group>";
		};
		D6239DB3296EA52F00A2DA53 /* ViewModel */ = {
			isa = PBXGroup;
			children = (
				D6239DB7296EAEAB00A2DA53 /* SettingReactor.swift */,
			);
			path = ViewModel;
			sourceTree = "<group>";
		};
		D6239DB4296EA53400A2DA53 /* Model */ = {
			isa = PBXGroup;
			children = (
			);
			path = Model;
			sourceTree = "<group>";
		};
		D6239DB9296EAF4E00A2DA53 /* TableViewCell */ = {
			isa = PBXGroup;
			children = (
				D6239DBA296EAF6B00A2DA53 /* SettingTVCell.swift */,
			);
			path = TableViewCell;
			sourceTree = "<group>";
		};
		D6BCE80E295C057400931620 /* View */ = {
			isa = PBXGroup;
			children = (
				D6BCE811295C059C00931620 /* SideMenuVC.swift */,
				D6239DAF296E919600A2DA53 /* TableView */,
			);
			path = View;
			sourceTree = "<group>";
		};
		D6BCE80F295C057900931620 /* ViewModel */ = {
			isa = PBXGroup;
			children = (
				D6BCE813295C05B000931620 /* SideMenuReactor.swift */,
			);
			path = ViewModel;
			sourceTree = "<group>";
		};
		D6BCE810295C057F00931620 /* Model */ = {
			isa = PBXGroup;
			children = (
			);
			path = Model;
			sourceTree = "<group>";
		};
/* End PBXGroup section */

/* Begin PBXNativeTarget section */
		D60D84C4294EDCB100352677 /* SharePlanner */ = {
			isa = PBXNativeTarget;
			buildConfigurationList = D60D84F2294EDCB300352677 /* Build configuration list for PBXNativeTarget "SharePlanner" */;
			buildPhases = (
				A725129340F100314F4FE830 /* [CP] Check Pods Manifest.lock */,
				D60D84C1294EDCB100352677 /* Sources */,
				D60D84C2294EDCB100352677 /* Frameworks */,
				D60D84C3294EDCB100352677 /* Resources */,
				AF1BBBD8B63664C7F8F8C32E /* [CP] Embed Pods Frameworks */,
			);
			buildRules = (
			);
			dependencies = (
			);
			name = SharePlanner;
			productName = SharePlanner;
			productReference = D60D84C5294EDCB100352677 /* SharePlanner.app */;
			productType = "com.apple.product-type.application";
		};
		D60D84DD294EDCB300352677 /* SharePlannerTests */ = {
			isa = PBXNativeTarget;
			buildConfigurationList = D60D84F5294EDCB300352677 /* Build configuration list for PBXNativeTarget "SharePlannerTests" */;
			buildPhases = (
				5935FFC1FB0A0C728DB4B8F7 /* [CP] Check Pods Manifest.lock */,
				D60D84DA294EDCB300352677 /* Sources */,
				D60D84DB294EDCB300352677 /* Frameworks */,
				D60D84DC294EDCB300352677 /* Resources */,
				F1F4426417435811F8B25A9B /* [CP] Embed Pods Frameworks */,
			);
			buildRules = (
			);
			dependencies = (
				D60D84E0294EDCB300352677 /* PBXTargetDependency */,
			);
			name = SharePlannerTests;
			productName = SharePlannerTests;
			productReference = D60D84DE294EDCB300352677 /* SharePlannerTests.xctest */;
			productType = "com.apple.product-type.bundle.unit-test";
		};
/* End PBXNativeTarget section */

/* Begin PBXProject section */
		D60D84BD294EDCB100352677 /* Project object */ = {
			isa = PBXProject;
			attributes = {
				BuildIndependentTargetsInParallel = 1;
				LastSwiftUpdateCheck = 1400;
				LastUpgradeCheck = 1400;
				TargetAttributes = {
					D60D84C4294EDCB100352677 = {
						CreatedOnToolsVersion = 14.0;
					};
					D60D84DD294EDCB300352677 = {
						CreatedOnToolsVersion = 14.0;
						TestTargetID = D60D84C4294EDCB100352677;
					};
				};
			};
			buildConfigurationList = D60D84C0294EDCB100352677 /* Build configuration list for PBXProject "SharePlanner" */;
			compatibilityVersion = "Xcode 14.0";
			developmentRegion = en;
			hasScannedForEncodings = 0;
			knownRegions = (
				en,
				Base,
			);
			mainGroup = D60D84BC294EDCB100352677;
			productRefGroup = D60D84C6294EDCB100352677 /* Products */;
			projectDirPath = "";
			projectRoot = "";
			targets = (
				D60D84C4294EDCB100352677 /* SharePlanner */,
				D60D84DD294EDCB300352677 /* SharePlannerTests */,
			);
		};
/* End PBXProject section */

/* Begin PBXResourcesBuildPhase section */
		D60D84C3294EDCB100352677 /* Resources */ = {
			isa = PBXResourcesBuildPhase;
			buildActionMask = 2147483647;
			files = (
				C4A40CD429553DDD007DBB90 /* NanumDdoBagDdoBag.ttf in Resources */,
				D60D84D8294EDCB200352677 /* LaunchScreen.storyboard in Resources */,
				D60D84D5294EDCB200352677 /* Assets.xcassets in Resources */,
			);
			runOnlyForDeploymentPostprocessing = 0;
		};
		D60D84DC294EDCB300352677 /* Resources */ = {
			isa = PBXResourcesBuildPhase;
			buildActionMask = 2147483647;
			files = (
			);
			runOnlyForDeploymentPostprocessing = 0;
		};
/* End PBXResourcesBuildPhase section */

/* Begin PBXShellScriptBuildPhase section */
		5935FFC1FB0A0C728DB4B8F7 /* [CP] Check Pods Manifest.lock */ = {
			isa = PBXShellScriptBuildPhase;
			buildActionMask = 2147483647;
			files = (
			);
			inputFileListPaths = (
			);
			inputPaths = (
				"${PODS_PODFILE_DIR_PATH}/Podfile.lock",
				"${PODS_ROOT}/Manifest.lock",
			);
			name = "[CP] Check Pods Manifest.lock";
			outputFileListPaths = (
			);
			outputPaths = (
				"$(DERIVED_FILE_DIR)/Pods-SharePlannerTests-checkManifestLockResult.txt",
			);
			runOnlyForDeploymentPostprocessing = 0;
			shellPath = /bin/sh;
			shellScript = "diff \"${PODS_PODFILE_DIR_PATH}/Podfile.lock\" \"${PODS_ROOT}/Manifest.lock\" > /dev/null\nif [ $? != 0 ] ; then\n    # print error to STDERR\n    echo \"error: The sandbox is not in sync with the Podfile.lock. Run 'pod install' or update your CocoaPods installation.\" >&2\n    exit 1\nfi\n# This output is used by Xcode 'outputs' to avoid re-running this script phase.\necho \"SUCCESS\" > \"${SCRIPT_OUTPUT_FILE_0}\"\n";
			showEnvVarsInLog = 0;
		};
		A725129340F100314F4FE830 /* [CP] Check Pods Manifest.lock */ = {
			isa = PBXShellScriptBuildPhase;
			buildActionMask = 2147483647;
			files = (
			);
			inputFileListPaths = (
			);
			inputPaths = (
				"${PODS_PODFILE_DIR_PATH}/Podfile.lock",
				"${PODS_ROOT}/Manifest.lock",
			);
			name = "[CP] Check Pods Manifest.lock";
			outputFileListPaths = (
			);
			outputPaths = (
				"$(DERIVED_FILE_DIR)/Pods-SharePlanner-checkManifestLockResult.txt",
			);
			runOnlyForDeploymentPostprocessing = 0;
			shellPath = /bin/sh;
			shellScript = "diff \"${PODS_PODFILE_DIR_PATH}/Podfile.lock\" \"${PODS_ROOT}/Manifest.lock\" > /dev/null\nif [ $? != 0 ] ; then\n    # print error to STDERR\n    echo \"error: The sandbox is not in sync with the Podfile.lock. Run 'pod install' or update your CocoaPods installation.\" >&2\n    exit 1\nfi\n# This output is used by Xcode 'outputs' to avoid re-running this script phase.\necho \"SUCCESS\" > \"${SCRIPT_OUTPUT_FILE_0}\"\n";
			showEnvVarsInLog = 0;
		};
		AF1BBBD8B63664C7F8F8C32E /* [CP] Embed Pods Frameworks */ = {
			isa = PBXShellScriptBuildPhase;
			buildActionMask = 2147483647;
			files = (
			);
			inputFileListPaths = (
				"${PODS_ROOT}/Target Support Files/Pods-SharePlanner/Pods-SharePlanner-frameworks-${CONFIGURATION}-input-files.xcfilelist",
			);
			name = "[CP] Embed Pods Frameworks";
			outputFileListPaths = (
				"${PODS_ROOT}/Target Support Files/Pods-SharePlanner/Pods-SharePlanner-frameworks-${CONFIGURATION}-output-files.xcfilelist",
			);
			runOnlyForDeploymentPostprocessing = 0;
			shellPath = /bin/sh;
			shellScript = "\"${PODS_ROOT}/Target Support Files/Pods-SharePlanner/Pods-SharePlanner-frameworks.sh\"\n";
			showEnvVarsInLog = 0;
		};
		F1F4426417435811F8B25A9B /* [CP] Embed Pods Frameworks */ = {
			isa = PBXShellScriptBuildPhase;
			buildActionMask = 2147483647;
			files = (
			);
			inputFileListPaths = (
				"${PODS_ROOT}/Target Support Files/Pods-SharePlannerTests/Pods-SharePlannerTests-frameworks-${CONFIGURATION}-input-files.xcfilelist",
			);
			name = "[CP] Embed Pods Frameworks";
			outputFileListPaths = (
				"${PODS_ROOT}/Target Support Files/Pods-SharePlannerTests/Pods-SharePlannerTests-frameworks-${CONFIGURATION}-output-files.xcfilelist",
			);
			runOnlyForDeploymentPostprocessing = 0;
			shellPath = /bin/sh;
			shellScript = "\"${PODS_ROOT}/Target Support Files/Pods-SharePlannerTests/Pods-SharePlannerTests-frameworks.sh\"\n";
			showEnvVarsInLog = 0;
		};
/* End PBXShellScriptBuildPhase section */

/* Begin PBXSourcesBuildPhase section */
		D60D84C1294EDCB100352677 /* Sources */ = {
			isa = PBXSourcesBuildPhase;
			buildActionMask = 2147483647;
			files = (
				C4A665102978DCCE00A7BC97 /* LoginVC.swift in Sources */,
				C49A01F629544FB20050F561 /* UIApplication+Extensions.swift in Sources */,
				C4A40CD629553E0F007DBB90 /* UIColor+Extensions.swift in Sources */,
				D6239DBB296EAF6B00A2DA53 /* SettingTVCell.swift in Sources */,
				C4A40CD829553E1A007DBB90 /* UIFont+Extensions.swift in Sources */,
				C499FEDB29810F8C00D16DA5 /* CalendarRegisterReactor.swift in Sources */,
				C4A6650B2978DC6C00A7BC97 /* UIAlertController+Extensions.swift in Sources */,
				C49A01E829543E3E0050F561 /* UINavigationController+Extensions.swift in Sources */,
				C49A01D82954181E0050F561 /* CalendarContentVC.swift in Sources */,
				C4A40CDC29554A7F007DBB90 /* CalendarContainerModel.swift in Sources */,
				C4A40CE629557F9E007DBB90 /* CalendarView.swift in Sources */,
				C4A665092978D34500A7BC97 /* BottomToastView.swift in Sources */,
				C49A01E1295424420050F561 /* CalendarContentReactor.swift in Sources */,
				D6BCE814295C05B000931620 /* SideMenuReactor.swift in Sources */,
				C4A40CDA29554282007DBB90 /* CalendarContentModel.swift in Sources */,
				D6BCE812295C059C00931620 /* SideMenuVC.swift in Sources */,
				C49A01E529543D410050F561 /* DimmPresentManager.swift in Sources */,
				D6239DB8296EAEAB00A2DA53 /* SettingReactor.swift in Sources */,
				D60D84C9294EDCB100352677 /* AppDelegate.swift in Sources */,
				C499FEDF29810FB000D16DA5 /* CalendarRegisterVC.swift in Sources */,
				C49A01F429544A1C0050F561 /* CalendarContainerReactor.swift in Sources */,
				C49A01DF29541B460050F561 /* CustomLog.swift in Sources */,
				C4A40CE0295576D9007DBB90 /* Date+Extensions.swift in Sources */,
				C4A40CDE2955766A007DBB90 /* String+Extensions.swift in Sources */,
				C4A665122978DCDB00A7BC97 /* LoginReactor.swift in Sources */,
				C4A40CE329557870007DBB90 /* WeekdayView.swift in Sources */,
				D60D84CB294EDCB100352677 /* SceneDelegate.swift in Sources */,
				C4A665142978DCE300A7BC97 /* LoginModel.swift in Sources */,
				C40496942966B14A00FAFEF4 /* HttpApiManager.swift in Sources */,
				C49A01ED295449870050F561 /* CalendarContainerVC.swift in Sources */,
				C49A01DA295418740050F561 /* BaseViewController.swift in Sources */,
				C40496962966B1FD00FAFEF4 /* ApiError.swift in Sources */,
				D6239DB1296E91B800A2DA53 /* SideMenuTVCell.swift in Sources */,
				C49A01E3295430630050F561 /* Scene.swift in Sources */,
				C499FEDD29810F9600D16DA5 /* CalendarRegisterModel.swift in Sources */,
				D6239DB6296EAEA100A2DA53 /* SettingVC.swift in Sources */,
			);
			runOnlyForDeploymentPostprocessing = 0;
		};
		D60D84DA294EDCB300352677 /* Sources */ = {
			isa = PBXSourcesBuildPhase;
			buildActionMask = 2147483647;
			files = (
				D60D84E3294EDCB300352677 /* CalendarContainerTests.swift in Sources */,
				D6BCE816295C084B00931620 /* CalendarContentTest.swift in Sources */,
			);
			runOnlyForDeploymentPostprocessing = 0;
		};
/* End PBXSourcesBuildPhase section */

/* Begin PBXTargetDependency section */
		D60D84E0294EDCB300352677 /* PBXTargetDependency */ = {
			isa = PBXTargetDependency;
			target = D60D84C4294EDCB100352677 /* SharePlanner */;
			targetProxy = D60D84DF294EDCB300352677 /* PBXContainerItemProxy */;
		};
/* End PBXTargetDependency section */

/* Begin PBXVariantGroup section */
		D60D84D6294EDCB200352677 /* LaunchScreen.storyboard */ = {
			isa = PBXVariantGroup;
			children = (
				D60D84D7294EDCB200352677 /* Base */,
			);
			name = LaunchScreen.storyboard;
			sourceTree = "<group>";
		};
/* End PBXVariantGroup section */

/* Begin XCBuildConfiguration section */
		D60D84F0294EDCB300352677 /* Debug */ = {
			isa = XCBuildConfiguration;
			buildSettings = {
				ALWAYS_SEARCH_USER_PATHS = NO;
				CLANG_ANALYZER_NONNULL = YES;
				CLANG_ANALYZER_NUMBER_OBJECT_CONVERSION = YES_AGGRESSIVE;
				CLANG_CXX_LANGUAGE_STANDARD = "gnu++20";
				CLANG_ENABLE_MODULES = YES;
				CLANG_ENABLE_OBJC_ARC = YES;
				CLANG_ENABLE_OBJC_WEAK = YES;
				CLANG_WARN_BLOCK_CAPTURE_AUTORELEASING = YES;
				CLANG_WARN_BOOL_CONVERSION = YES;
				CLANG_WARN_COMMA = YES;
				CLANG_WARN_CONSTANT_CONVERSION = YES;
				CLANG_WARN_DEPRECATED_OBJC_IMPLEMENTATIONS = YES;
				CLANG_WARN_DIRECT_OBJC_ISA_USAGE = YES_ERROR;
				CLANG_WARN_DOCUMENTATION_COMMENTS = YES;
				CLANG_WARN_EMPTY_BODY = YES;
				CLANG_WARN_ENUM_CONVERSION = YES;
				CLANG_WARN_INFINITE_RECURSION = YES;
				CLANG_WARN_INT_CONVERSION = YES;
				CLANG_WARN_NON_LITERAL_NULL_CONVERSION = YES;
				CLANG_WARN_OBJC_IMPLICIT_RETAIN_SELF = YES;
				CLANG_WARN_OBJC_LITERAL_CONVERSION = YES;
				CLANG_WARN_OBJC_ROOT_CLASS = YES_ERROR;
				CLANG_WARN_QUOTED_INCLUDE_IN_FRAMEWORK_HEADER = YES;
				CLANG_WARN_RANGE_LOOP_ANALYSIS = YES;
				CLANG_WARN_STRICT_PROTOTYPES = YES;
				CLANG_WARN_SUSPICIOUS_MOVE = YES;
				CLANG_WARN_UNGUARDED_AVAILABILITY = YES_AGGRESSIVE;
				CLANG_WARN_UNREACHABLE_CODE = YES;
				CLANG_WARN__DUPLICATE_METHOD_MATCH = YES;
				COPY_PHASE_STRIP = NO;
				DEBUG_INFORMATION_FORMAT = dwarf;
				ENABLE_STRICT_OBJC_MSGSEND = YES;
				ENABLE_TESTABILITY = YES;
				GCC_C_LANGUAGE_STANDARD = gnu11;
				GCC_DYNAMIC_NO_PIC = NO;
				GCC_NO_COMMON_BLOCKS = YES;
				GCC_OPTIMIZATION_LEVEL = 0;
				GCC_PREPROCESSOR_DEFINITIONS = (
					"DEBUG=1",
					"$(inherited)",
				);
				GCC_WARN_64_TO_32_BIT_CONVERSION = YES;
				GCC_WARN_ABOUT_RETURN_TYPE = YES_ERROR;
				GCC_WARN_UNDECLARED_SELECTOR = YES;
				GCC_WARN_UNINITIALIZED_AUTOS = YES_AGGRESSIVE;
				GCC_WARN_UNUSED_FUNCTION = YES;
				GCC_WARN_UNUSED_VARIABLE = YES;
				IPHONEOS_DEPLOYMENT_TARGET = 16.0;
				MTL_ENABLE_DEBUG_INFO = INCLUDE_SOURCE;
				MTL_FAST_MATH = YES;
				ONLY_ACTIVE_ARCH = YES;
				SDKROOT = iphoneos;
				SWIFT_ACTIVE_COMPILATION_CONDITIONS = DEBUG;
				SWIFT_OPTIMIZATION_LEVEL = "-Onone";
			};
			name = Debug;
		};
		D60D84F1294EDCB300352677 /* Release */ = {
			isa = XCBuildConfiguration;
			buildSettings = {
				ALWAYS_SEARCH_USER_PATHS = NO;
				CLANG_ANALYZER_NONNULL = YES;
				CLANG_ANALYZER_NUMBER_OBJECT_CONVERSION = YES_AGGRESSIVE;
				CLANG_CXX_LANGUAGE_STANDARD = "gnu++20";
				CLANG_ENABLE_MODULES = YES;
				CLANG_ENABLE_OBJC_ARC = YES;
				CLANG_ENABLE_OBJC_WEAK = YES;
				CLANG_WARN_BLOCK_CAPTURE_AUTORELEASING = YES;
				CLANG_WARN_BOOL_CONVERSION = YES;
				CLANG_WARN_COMMA = YES;
				CLANG_WARN_CONSTANT_CONVERSION = YES;
				CLANG_WARN_DEPRECATED_OBJC_IMPLEMENTATIONS = YES;
				CLANG_WARN_DIRECT_OBJC_ISA_USAGE = YES_ERROR;
				CLANG_WARN_DOCUMENTATION_COMMENTS = YES;
				CLANG_WARN_EMPTY_BODY = YES;
				CLANG_WARN_ENUM_CONVERSION = YES;
				CLANG_WARN_INFINITE_RECURSION = YES;
				CLANG_WARN_INT_CONVERSION = YES;
				CLANG_WARN_NON_LITERAL_NULL_CONVERSION = YES;
				CLANG_WARN_OBJC_IMPLICIT_RETAIN_SELF = YES;
				CLANG_WARN_OBJC_LITERAL_CONVERSION = YES;
				CLANG_WARN_OBJC_ROOT_CLASS = YES_ERROR;
				CLANG_WARN_QUOTED_INCLUDE_IN_FRAMEWORK_HEADER = YES;
				CLANG_WARN_RANGE_LOOP_ANALYSIS = YES;
				CLANG_WARN_STRICT_PROTOTYPES = YES;
				CLANG_WARN_SUSPICIOUS_MOVE = YES;
				CLANG_WARN_UNGUARDED_AVAILABILITY = YES_AGGRESSIVE;
				CLANG_WARN_UNREACHABLE_CODE = YES;
				CLANG_WARN__DUPLICATE_METHOD_MATCH = YES;
				COPY_PHASE_STRIP = NO;
				DEBUG_INFORMATION_FORMAT = "dwarf-with-dsym";
				ENABLE_NS_ASSERTIONS = NO;
				ENABLE_STRICT_OBJC_MSGSEND = YES;
				GCC_C_LANGUAGE_STANDARD = gnu11;
				GCC_NO_COMMON_BLOCKS = YES;
				GCC_WARN_64_TO_32_BIT_CONVERSION = YES;
				GCC_WARN_ABOUT_RETURN_TYPE = YES_ERROR;
				GCC_WARN_UNDECLARED_SELECTOR = YES;
				GCC_WARN_UNINITIALIZED_AUTOS = YES_AGGRESSIVE;
				GCC_WARN_UNUSED_FUNCTION = YES;
				GCC_WARN_UNUSED_VARIABLE = YES;
				IPHONEOS_DEPLOYMENT_TARGET = 16.0;
				MTL_ENABLE_DEBUG_INFO = NO;
				MTL_FAST_MATH = YES;
				SDKROOT = iphoneos;
				SWIFT_COMPILATION_MODE = wholemodule;
				SWIFT_OPTIMIZATION_LEVEL = "-O";
				VALIDATE_PRODUCT = YES;
			};
			name = Release;
		};
		D60D84F3294EDCB300352677 /* Debug */ = {
			isa = XCBuildConfiguration;
			baseConfigurationReference = 15B7364B5BA4C13495F71275 /* Pods-SharePlanner.debug.xcconfig */;
			buildSettings = {
				ASSETCATALOG_COMPILER_APPICON_NAME = AppIcon;
				ASSETCATALOG_COMPILER_GLOBAL_ACCENT_COLOR_NAME = AccentColor;
				CODE_SIGN_STYLE = Automatic;
				CURRENT_PROJECT_VERSION = 1;
				DEVELOPMENT_TEAM = 653TUFJ9Y7;
				GENERATE_INFOPLIST_FILE = YES;
				INFOPLIST_FILE = SharePlanner/Info.plist;
				INFOPLIST_KEY_UIApplicationSupportsIndirectInputEvents = YES;
				INFOPLIST_KEY_UILaunchStoryboardName = LaunchScreen.storyboard;
				INFOPLIST_KEY_UIMainStoryboardFile = "";
				INFOPLIST_KEY_UISupportedInterfaceOrientations_iPad = "UIInterfaceOrientationPortrait UIInterfaceOrientationPortraitUpsideDown UIInterfaceOrientationLandscapeLeft UIInterfaceOrientationLandscapeRight";
				INFOPLIST_KEY_UISupportedInterfaceOrientations_iPhone = "UIInterfaceOrientationPortrait UIInterfaceOrientationLandscapeLeft UIInterfaceOrientationLandscapeRight";
				IPHONEOS_DEPLOYMENT_TARGET = 13.0;
				LD_RUNPATH_SEARCH_PATHS = (
					"$(inherited)",
					"@executable_path/Frameworks",
				);
				MARKETING_VERSION = 1.0;
				PRODUCT_BUNDLE_IDENTIFIER = com.ayeon.SharePlanner;
				PRODUCT_NAME = "$(TARGET_NAME)";
				SUPPORTED_PLATFORMS = "iphoneos iphonesimulator";
				SUPPORTS_MACCATALYST = NO;
				SUPPORTS_MAC_DESIGNED_FOR_IPHONE_IPAD = NO;
				SWIFT_EMIT_LOC_STRINGS = YES;
				SWIFT_VERSION = 5.0;
				TARGETED_DEVICE_FAMILY = "1,2";
			};
			name = Debug;
		};
		D60D84F4294EDCB300352677 /* Release */ = {
			isa = XCBuildConfiguration;
			baseConfigurationReference = 1D169FC4FBD651D81088E3DA /* Pods-SharePlanner.release.xcconfig */;
			buildSettings = {
				ASSETCATALOG_COMPILER_APPICON_NAME = AppIcon;
				ASSETCATALOG_COMPILER_GLOBAL_ACCENT_COLOR_NAME = AccentColor;
				CODE_SIGN_STYLE = Automatic;
				CURRENT_PROJECT_VERSION = 1;
				DEVELOPMENT_TEAM = 653TUFJ9Y7;
				GENERATE_INFOPLIST_FILE = YES;
				INFOPLIST_FILE = SharePlanner/Info.plist;
				INFOPLIST_KEY_UIApplicationSupportsIndirectInputEvents = YES;
				INFOPLIST_KEY_UILaunchStoryboardName = LaunchScreen.storyboard;
				INFOPLIST_KEY_UIMainStoryboardFile = "";
				INFOPLIST_KEY_UISupportedInterfaceOrientations_iPad = "UIInterfaceOrientationPortrait UIInterfaceOrientationPortraitUpsideDown UIInterfaceOrientationLandscapeLeft UIInterfaceOrientationLandscapeRight";
				INFOPLIST_KEY_UISupportedInterfaceOrientations_iPhone = "UIInterfaceOrientationPortrait UIInterfaceOrientationLandscapeLeft UIInterfaceOrientationLandscapeRight";
				IPHONEOS_DEPLOYMENT_TARGET = 13.0;
				LD_RUNPATH_SEARCH_PATHS = (
					"$(inherited)",
					"@executable_path/Frameworks",
				);
				MARKETING_VERSION = 1.0;
				PRODUCT_BUNDLE_IDENTIFIER = com.ayeon.SharePlanner;
				PRODUCT_NAME = "$(TARGET_NAME)";
				SUPPORTED_PLATFORMS = "iphoneos iphonesimulator";
				SUPPORTS_MACCATALYST = NO;
				SUPPORTS_MAC_DESIGNED_FOR_IPHONE_IPAD = NO;
				SWIFT_EMIT_LOC_STRINGS = YES;
				SWIFT_VERSION = 5.0;
				TARGETED_DEVICE_FAMILY = "1,2";
			};
			name = Release;
		};
		D60D84F6294EDCB300352677 /* Debug */ = {
			isa = XCBuildConfiguration;
			baseConfigurationReference = E82A9824D06341CD9C1A9E5B /* Pods-SharePlannerTests.debug.xcconfig */;
			buildSettings = {
				ALWAYS_EMBED_SWIFT_STANDARD_LIBRARIES = "$(inherited)";
				BUNDLE_LOADER = "$(TEST_HOST)";
				CODE_SIGN_STYLE = Automatic;
				CURRENT_PROJECT_VERSION = 1;
				DEVELOPMENT_TEAM = 653TUFJ9Y7;
				GENERATE_INFOPLIST_FILE = YES;
				IPHONEOS_DEPLOYMENT_TARGET = 13.0;
				MARKETING_VERSION = 1.0;
				PRODUCT_BUNDLE_IDENTIFIER = com.ayeon.SharePlannerTests;
				PRODUCT_NAME = "$(TARGET_NAME)";
				SWIFT_EMIT_LOC_STRINGS = NO;
				SWIFT_VERSION = 5.0;
				TARGETED_DEVICE_FAMILY = "1,2";
				TEST_HOST = "$(BUILT_PRODUCTS_DIR)/SharePlanner.app/$(BUNDLE_EXECUTABLE_FOLDER_PATH)/SharePlanner";
			};
			name = Debug;
		};
		D60D84F7294EDCB300352677 /* Release */ = {
			isa = XCBuildConfiguration;
			baseConfigurationReference = 09468E88B9CA50E355E199ED /* Pods-SharePlannerTests.release.xcconfig */;
			buildSettings = {
				ALWAYS_EMBED_SWIFT_STANDARD_LIBRARIES = "$(inherited)";
				BUNDLE_LOADER = "$(TEST_HOST)";
				CODE_SIGN_STYLE = Automatic;
				CURRENT_PROJECT_VERSION = 1;
				DEVELOPMENT_TEAM = 653TUFJ9Y7;
				GENERATE_INFOPLIST_FILE = YES;
				IPHONEOS_DEPLOYMENT_TARGET = 13.0;
				MARKETING_VERSION = 1.0;
				PRODUCT_BUNDLE_IDENTIFIER = com.ayeon.SharePlannerTests;
				PRODUCT_NAME = "$(TARGET_NAME)";
				SWIFT_EMIT_LOC_STRINGS = NO;
				SWIFT_VERSION = 5.0;
				TARGETED_DEVICE_FAMILY = "1,2";
				TEST_HOST = "$(BUILT_PRODUCTS_DIR)/SharePlanner.app/$(BUNDLE_EXECUTABLE_FOLDER_PATH)/SharePlanner";
			};
			name = Release;
		};
/* End XCBuildConfiguration section */

/* Begin XCConfigurationList section */
		D60D84C0294EDCB100352677 /* Build configuration list for PBXProject "SharePlanner" */ = {
			isa = XCConfigurationList;
			buildConfigurations = (
				D60D84F0294EDCB300352677 /* Debug */,
				D60D84F1294EDCB300352677 /* Release */,
			);
			defaultConfigurationIsVisible = 0;
			defaultConfigurationName = Release;
		};
		D60D84F2294EDCB300352677 /* Build configuration list for PBXNativeTarget "SharePlanner" */ = {
			isa = XCConfigurationList;
			buildConfigurations = (
				D60D84F3294EDCB300352677 /* Debug */,
				D60D84F4294EDCB300352677 /* Release */,
			);
			defaultConfigurationIsVisible = 0;
			defaultConfigurationName = Release;
		};
		D60D84F5294EDCB300352677 /* Build configuration list for PBXNativeTarget "SharePlannerTests" */ = {
			isa = XCConfigurationList;
			buildConfigurations = (
				D60D84F6294EDCB300352677 /* Debug */,
				D60D84F7294EDCB300352677 /* Release */,
			);
			defaultConfigurationIsVisible = 0;
			defaultConfigurationName = Release;
		};
/* End XCConfigurationList section */
	};
	rootObject = D60D84BD294EDCB100352677 /* Project object */;
}
